
Microsoft Visual Studio Solution File, Format Version 12.00
# Visual Studio Version 17
VisualStudioVersion = 17.5.33414.496
MinimumVisualStudioVersion = 10.0.40219.1
Project("{FAE04EC0-301F-11D3-BF4B-00C04F79EFBC}") = "MelihatProgressRequest", "MelihatProgressRequest\MelihatProgressRequest.csproj", "{E90FE2EF-9848-4A78-8B45-B31BBE5B143A}"
EndProject
Global
	GlobalSection(SolutionConfigurationPlatforms) = preSolution
		Debug|Any CPU = Debug|Any CPU
		Release|Any CPU = Release|Any CPU
	EndGlobalSection
	GlobalSection(ProjectConfigurationPlatforms) = postSolution
		{E90FE2EF-9848-4A78-8B45-B31BBE5B143A}.Debug|Any CPU.ActiveCfg = Debug|Any CPU
		{E90FE2EF-9848-4A78-8B45-B31BBE5B143A}.Debug|Any CPU.Build.0 = Debug|Any CPU
		{E90FE2EF-9848-4A78-8B45-B31BBE5B143A}.Release|Any CPU.ActiveCfg = Release|Any CPU
		{E90FE2EF-9848-4A78-8B45-B31BBE5B143A}.Release|Any CPU.Build.0 = Release|Any CPU
	EndGlobalSection
	GlobalSection(SolutionProperties) = preSolution
		HideSolutionNode = FALSE
	EndGlobalSection
	GlobalSection(ExtensibilityGlobals) = postSolution
		SolutionGuid = {C0751550-402F-42D9-9C13-BB2652414569}
	EndGlobalSection
EndGlobal
