
Microsoft Visual Studio Solution File, Format Version 12.00
# Visual Studio Version 17
VisualStudioVersion = 17.5.33530.505
MinimumVisualStudioVersion = 10.0.40219.1
Project("{FAE04EC0-301F-11D3-BF4B-00C04F79EFBC}") = "MenyantumkanDokumen", "MenyantumkanDokumen.csproj", "{30CDDF28-6A83-48C1-9427-38AAB03E724A}"
EndProject
Global
	GlobalSection(SolutionConfigurationPlatforms) = preSolution
		Debug|Any CPU = Debug|Any CPU
		Release|Any CPU = Release|Any CPU
	EndGlobalSection
	GlobalSection(ProjectConfigurationPlatforms) = postSolution
		{30CDDF28-6A83-48C1-9427-38AAB03E724A}.Debug|Any CPU.ActiveCfg = Debug|Any CPU
		{30CDDF28-6A83-48C1-9427-38AAB03E724A}.Debug|Any CPU.Build.0 = Debug|Any CPU
		{30CDDF28-6A83-48C1-9427-38AAB03E724A}.Release|Any CPU.ActiveCfg = Release|Any CPU
		{30CDDF28-6A83-48C1-9427-38AAB03E724A}.Release|Any CPU.Build.0 = Release|Any CPU
	EndGlobalSection
	GlobalSection(SolutionProperties) = preSolution
		HideSolutionNode = FALSE
	EndGlobalSection
	GlobalSection(ExtensibilityGlobals) = postSolution
		SolutionGuid = {EF8FAF69-5FF2-416E-AE70-6B130E27F303}
	EndGlobalSection
EndGlobal
