
Microsoft Visual Studio Solution File, Format Version 12.00
# Visual Studio Version 17
VisualStudioVersion = 17.5.33414.496
MinimumVisualStudioVersion = 10.0.40219.1
Project("{9A19103F-16F7-4668-BE54-9A1E7A4F7556}") = "O.KTMservice", "O.KTMservice.csproj", "{824054FE-6228-4680-BDD8-30B020E4EB7B}"
EndProject
Project("{9A19103F-16F7-4668-BE54-9A1E7A4F7556}") = "MenyantumkanDokumen", "..\MenyantumkanDokumen\MenyantumkanDokumen.csproj", "{4FD5550C-4EEE-44E4-B874-32F40AD7D2E6}"
EndProject
Project("{FAE04EC0-301F-11D3-BF4B-00C04F79EFBC}") = "FormTests", "..\FormTests\FormTests.csproj", "{A1537665-151A-467A-AEE5-628075645FBD}"
EndProject
Global
	GlobalSection(SolutionConfigurationPlatforms) = preSolution
		Debug|Any CPU = Debug|Any CPU
		Release|Any CPU = Release|Any CPU
	EndGlobalSection
	GlobalSection(ProjectConfigurationPlatforms) = postSolution
		{824054FE-6228-4680-BDD8-30B020E4EB7B}.Debug|Any CPU.ActiveCfg = Debug|Any CPU
		{824054FE-6228-4680-BDD8-30B020E4EB7B}.Debug|Any CPU.Build.0 = Debug|Any CPU
		{824054FE-6228-4680-BDD8-30B020E4EB7B}.Release|Any CPU.ActiveCfg = Release|Any CPU
		{824054FE-6228-4680-BDD8-30B020E4EB7B}.Release|Any CPU.Build.0 = Release|Any CPU
		{4FD5550C-4EEE-44E4-B874-32F40AD7D2E6}.Debug|Any CPU.ActiveCfg = Debug|Any CPU
		{4FD5550C-4EEE-44E4-B874-32F40AD7D2E6}.Debug|Any CPU.Build.0 = Debug|Any CPU
		{4FD5550C-4EEE-44E4-B874-32F40AD7D2E6}.Release|Any CPU.ActiveCfg = Release|Any CPU
		{4FD5550C-4EEE-44E4-B874-32F40AD7D2E6}.Release|Any CPU.Build.0 = Release|Any CPU
		{A1537665-151A-467A-AEE5-628075645FBD}.Debug|Any CPU.ActiveCfg = Debug|Any CPU
		{A1537665-151A-467A-AEE5-628075645FBD}.Debug|Any CPU.Build.0 = Debug|Any CPU
		{A1537665-151A-467A-AEE5-628075645FBD}.Release|Any CPU.ActiveCfg = Release|Any CPU
		{A1537665-151A-467A-AEE5-628075645FBD}.Release|Any CPU.Build.0 = Release|Any CPU
	EndGlobalSection
	GlobalSection(SolutionProperties) = preSolution
		HideSolutionNode = FALSE
	EndGlobalSection
	GlobalSection(ExtensibilityGlobals) = postSolution
		SolutionGuid = {7ED5711E-9ED6-48DC-9710-D846BF0D8F00}
	EndGlobalSection
EndGlobal
